// !$*UTF8*$!
{
	archiveVersion = 1;
	classes = {
	};
	objectVersion = 50;
	objects = {

/* Begin PBXBuildFile section */
		1E331E082203FA240092EB0D /* AppDelegate.m in Sources */ = {isa = PBXBuildFile; fileRef = 1E331E072203FA240092EB0D /* AppDelegate.m */; };
		1E331E0B2203FA240092EB0D /* ViewController.m in Sources */ = {isa = PBXBuildFile; fileRef = 1E331E0A2203FA240092EB0D /* ViewController.m */; };
		1E331E0E2203FA240092EB0D /* Main.storyboard in Resources */ = {isa = PBXBuildFile; fileRef = 1E331E0C2203FA240092EB0D /* Main.storyboard */; };
		1E331E102203FA250092EB0D /* Assets.xcassets in Resources */ = {isa = PBXBuildFile; fileRef = 1E331E0F2203FA250092EB0D /* Assets.xcassets */; };
		1E331E132203FA250092EB0D /* LaunchScreen.storyboard in Resources */ = {isa = PBXBuildFile; fileRef = 1E331E112203FA250092EB0D /* LaunchScreen.storyboard */; };
		1E331E162203FA250092EB0D /* main.m in Sources */ = {isa = PBXBuildFile; fileRef = 1E331E152203FA250092EB0D /* main.m */; };
/* End PBXBuildFile section */

/* Begin PBXFileReference section */
		1E331E032203FA240092EB0D /* LanguageToolDemo.app */ = {isa = PBXFileReference; explicitFileType = wrapper.application; includeInIndex = 0; path = LanguageToolDemo.app; sourceTree = BUILT_PRODUCTS_DIR; };
		1E331E062203FA240092EB0D /* AppDelegate.h */ = {isa = PBXFileReference; lastKnownFileType = sourcecode.c.h; path = AppDelegate.h; sourceTree = "<group>"; };
		1E331E072203FA240092EB0D /* AppDelegate.m */ = {isa = PBXFileReference; lastKnownFileType = sourcecode.c.objc; path = AppDelegate.m; sourceTree = "<group>"; };
		1E331E092203FA240092EB0D /* ViewController.h */ = {isa = PBXFileReference; lastKnownFileType = sourcecode.c.h; path = ViewController.h; sourceTree = "<group>"; };
		1E331E0A2203FA240092EB0D /* ViewController.m */ = {isa = PBXFileReference; lastKnownFileType = sourcecode.c.objc; path = ViewController.m; sourceTree = "<group>"; };
		1E331E0D2203FA240092EB0D /* Base */ = {isa = PBXFileReference; lastKnownFileType = file.storyboard; name = Base; path = Base.lproj/Main.storyboard; sourceTree = "<group>"; };
		1E331E0F2203FA250092EB0D /* Assets.xcassets */ = {isa = PBXFileReference; lastKnownFileType = folder.assetcatalog; path = Assets.xcassets; sourceTree = "<group>"; };
		1E331E122203FA250092EB0D /* Base */ = {isa = PBXFileReference; lastKnownFileType = file.storyboard; name = Base; path = Base.lproj/LaunchScreen.storyboard; sourceTree = "<group>"; };
		1E331E142203FA250092EB0D /* Info.plist */ = {isa = PBXFileReference; lastKnownFileType = text.plist.xml; path = Info.plist; sourceTree = "<group>"; };
		1E331E152203FA250092EB0D /* main.m */ = {isa = PBXFileReference; lastKnownFileType = sourcecode.c.objc; path = main.m; sourceTree = "<group>"; };
/* End PBXFileReference section */

/* Begin PBXFrameworksBuildPhase section */
		1E331E002203FA240092EB0D /* Frameworks */ = {
			isa = PBXFrameworksBuildPhase;
			buildActionMask = 2147483647;
			files = (
			);
			runOnlyForDeploymentPostprocessing = 0;
		};
/* End PBXFrameworksBuildPhase section */

/* Begin PBXGroup section */
		1E331DFA2203FA240092EB0D = {
			isa = PBXGroup;
			children = (
				1E331E052203FA240092EB0D /* LanguageToolDemo */,
				1E331E042203FA240092EB0D /* Products */,
			);
			sourceTree = "<group>";
		};
		1E331E042203FA240092EB0D /* Products */ = {
			isa = PBXGroup;
			children = (
				1E331E032203FA240092EB0D /* LanguageToolDemo.app */,
			);
			name = Products;
			sourceTree = "<group>";
		};
		1E331E052203FA240092EB0D /* LanguageToolDemo */ = {
			isa = PBXGroup;
			children = (
				1E331E062203FA240092EB0D /* AppDelegate.h */,
				1E331E072203FA240092EB0D /* AppDelegate.m */,
				1E331E092203FA240092EB0D /* ViewController.h */,
				1E331E0A2203FA240092EB0D /* ViewController.m */,
				1E331E0C2203FA240092EB0D /* Main.storyboard */,
				1E331E0F2203FA250092EB0D /* Assets.xcassets */,
				1E331E112203FA250092EB0D /* LaunchScreen.storyboard */,
				1E331E142203FA250092EB0D /* Info.plist */,
				1E331E152203FA250092EB0D /* main.m */,
			);
			path = LanguageToolDemo;
			sourceTree = "<group>";
		};
/* End PBXGroup section */

/* Begin PBXNativeTarget section */
		1E331E022203FA240092EB0D /* LanguageToolDemo */ = {
			isa = PBXNativeTarget;
			buildConfigurationList = 1E331E192203FA250092EB0D /* Build configuration list for PBXNativeTarget "LanguageToolDemo" */;
			buildPhases = (
				1E331DFF2203FA240092EB0D /* Sources */,
				1E331E002203FA240092EB0D /* Frameworks */,
				1E331E012203FA240092EB0D /* Resources */,
			);
			buildRules = (
			);
			dependencies = (
			);
			name = LanguageToolDemo;
			productName = LanguageToolDemo;
			productReference = 1E331E032203FA240092EB0D /* LanguageToolDemo.app */;
			productType = "com.apple.product-type.application";
		};
/* End PBXNativeTarget section */

/* Begin PBXProject section */
		1E331DFB2203FA240092EB0D /* Project object */ = {
			isa = PBXProject;
			attributes = {
				LastUpgradeCheck = 1010;
				ORGANIZATIONNAME = wcs00;
				TargetAttributes = {
					1E331E022203FA240092EB0D = {
						CreatedOnToolsVersion = 10.1;
					};
				};
			};
			buildConfigurationList = 1E331DFE2203FA240092EB0D /* Build configuration list for PBXProject "LanguageToolDemo" */;
			compatibilityVersion = "Xcode 9.3";
			developmentRegion = en;
			hasScannedForEncodings = 0;
			knownRegions = (
				en,
				Base,
			);
			mainGroup = 1E331DFA2203FA240092EB0D;
			productRefGroup = 1E331E042203FA240092EB0D /* Products */;
			projectDirPath = "";
			projectRoot = "";
			targets = (
				1E331E022203FA240092EB0D /* LanguageToolDemo */,
			);
		};
/* End PBXProject section */

/* Begin PBXResourcesBuildPhase section */
		1E331E012203FA240092EB0D /* Resources */ = {
			isa = PBXResourcesBuildPhase;
			buildActionMask = 2147483647;
			files = (
				1E331E132203FA250092EB0D /* LaunchScreen.storyboard in Resources */,
				1E331E102203FA250092EB0D /* Assets.xcassets in Resources */,
				1E331E0E2203FA240092EB0D /* Main.storyboard in Resources */,
			);
			runOnlyForDeploymentPostprocessing = 0;
		};
/* End PBXResourcesBuildPhase section */

/* Begin PBXSourcesBuildPhase section */
		1E331DFF2203FA240092EB0D /* Sources */ = {
			isa = PBXSourcesBuildPhase;
			buildActionMask = 2147483647;
			files = (
				1E331E0B2203FA240092EB0D /* ViewController.m in Sources */,
				1E331E162203FA250092EB0D /* main.m in Sources */,
				1E331E082203FA240092EB0D /* AppDelegate.m in Sources */,
			);
			runOnlyForDeploymentPostprocessing = 0;
		};
/* End PBXSourcesBuildPhase section */

/* Begin PBXVariantGroup section */
		1E331E0C2203FA240092EB0D /* Main.storyboard */ = {
			isa = PBXVariantGroup;
			children = (
				1E331E0D2203FA240092EB0D /* Base */,
			);
			name = Main.storyboard;
			sourceTree = "<group>";
		};
		1E331E112203FA250092EB0D /* LaunchScreen.storyboard */ = {
			isa = PBXVariantGroup;
			children = (
				1E331E122203FA250092EB0D /* Base */,
			);
			name = LaunchScreen.storyboard;
			sourceTree = "<group>";
		};
/* End PBXVariantGroup section */

/* Begin XCBuildConfiguration section */
		1E331E172203FA250092EB0D /* Debug */ = {
			isa = XCBuildConfiguration;
			buildSettings = {
				ALWAYS_SEARCH_USER_PATHS = NO;
				CLANG_ANALYZER_NONNULL = YES;
				CLANG_ANALYZER_NUMBER_OBJECT_CONVERSION = YES_AGGRESSIVE;
				CLANG_CXX_LANGUAGE_STANDARD = "gnu++14";
				CLANG_CXX_LIBRARY = "libc++";
				CLANG_ENABLE_MODULES = YES;
				CLANG_ENABLE_OBJC_ARC = YES;
				CLANG_ENABLE_OBJC_WEAK = YES;
				CLANG_WARN_BLOCK_CAPTURE_AUTORELEASING = YES;
				CLANG_WARN_BOOL_CONVERSION = YES;
				CLANG_WARN_COMMA = YES;
				CLANG_WARN_CONSTANT_CONVERSION = YES;
				CLANG_WARN_DEPRECATED_OBJC_IMPLEMENTATIONS = YES;
				CLANG_WARN_DIRECT_OBJC_ISA_USAGE = YES_ERROR;
				CLANG_WARN_DOCUMENTATION_COMMENTS = YES;
				CLANG_WARN_EMPTY_BODY = YES;
				CLANG_WARN_ENUM_CONVERSION = YES;
				CLANG_WARN_INFINITE_RECURSION = YES;
				CLANG_WARN_INT_CONVERSION = YES;
				CLANG_WARN_NON_LITERAL_NULL_CONVERSION = YES;
				CLANG_WARN_OBJC_IMPLICIT_RETAIN_SELF = YES;
				CLANG_WARN_OBJC_LITERAL_CONVERSION = YES;
				CLANG_WARN_OBJC_ROOT_CLASS = YES_ERROR;
				CLANG_WARN_RANGE_LOOP_ANALYSIS = YES;
				CLANG_WARN_STRICT_PROTOTYPES = YES;
				CLANG_WARN_SUSPICIOUS_MOVE = YES;
				CLANG_WARN_UNGUARDED_AVAILABILITY = YES_AGGRESSIVE;
				CLANG_WARN_UNREACHABLE_CODE = YES;
				CLANG_WARN__DUPLICATE_METHOD_MATCH = YES;
				CODE_SIGN_IDENTITY = "iPhone Developer";
				COPY_PHASE_STRIP = NO;
				DEBUG_INFORMATION_FORMAT = dwarf;
				ENABLE_STRICT_OBJC_MSGSEND = YES;
				ENABLE_TESTABILITY = YES;
				GCC_C_LANGUAGE_STANDARD = gnu11;
				GCC_DYNAMIC_NO_PIC = NO;
				GCC_NO_COMMON_BLOCKS = YES;
				GCC_OPTIMIZATION_LEVEL = 0;
				GCC_PREPROCESSOR_DEFINITIONS = (
					"DEBUG=1",
					"$(inherited)",
				);
				GCC_WARN_64_TO_32_BIT_CONVERSION = YES;
				GCC_WARN_ABOUT_RETURN_TYPE = YES_ERROR;
				GCC_WARN_UNDECLARED_SELECTOR = YES;
				GCC_WARN_UNINITIALIZED_AUTOS = YES_AGGRESSIVE;
				GCC_WARN_UNUSED_FUNCTION = YES;
				GCC_WARN_UNUSED_VARIABLE = YES;
				IPHONEOS_DEPLOYMENT_TARGET = 12.1;
				MTL_ENABLE_DEBUG_INFO = INCLUDE_SOURCE;
				MTL_FAST_MATH = YES;
				ONLY_ACTIVE_ARCH = YES;
				SDKROOT = iphoneos;
			};
			name = Debug;
		};
		1E331E182203FA250092EB0D /* Release */ = {
			isa = XCBuildConfiguration;
			buildSettings = {
				ALWAYS_SEARCH_USER_PATHS = NO;
				CLANG_ANALYZER_NONNULL = YES;
				CLANG_ANALYZER_NUMBER_OBJECT_CONVERSION = YES_AGGRESSIVE;
				CLANG_CXX_LANGUAGE_STANDARD = "gnu++14";
				CLANG_CXX_LIBRARY = "libc++";
				CLANG_ENABLE_MODULES = YES;
				CLANG_ENABLE_OBJC_ARC = YES;
				CLANG_ENABLE_OBJC_WEAK = YES;
				CLANG_WARN_BLOCK_CAPTURE_AUTORELEASING = YES;
				CLANG_WARN_BOOL_CONVERSION = YES;
				CLANG_WARN_COMMA = YES;
				CLANG_WARN_CONSTANT_CONVERSION = YES;
				CLANG_WARN_DEPRECATED_OBJC_IMPLEMENTATIONS = YES;
				CLANG_WARN_DIRECT_OBJC_ISA_USAGE = YES_ERROR;
				CLANG_WARN_DOCUMENTATION_COMMENTS = YES;
				CLANG_WARN_EMPTY_BODY = YES;
				CLANG_WARN_ENUM_CONVERSION = YES;
				CLANG_WARN_INFINITE_RECURSION = YES;
				CLANG_WARN_INT_CONVERSION = YES;
				CLANG_WARN_NON_LITERAL_NULL_CONVERSION = YES;
				CLANG_WARN_OBJC_IMPLICIT_RETAIN_SELF = YES;
				CLANG_WARN_OBJC_LITERAL_CONVERSION = YES;
				CLANG_WARN_OBJC_ROOT_CLASS = YES_ERROR;
				CLANG_WARN_RANGE_LOOP_ANALYSIS = YES;
				CLANG_WARN_STRICT_PROTOTYPES = YES;
				CLANG_WARN_SUSPICIOUS_MOVE = YES;
				CLANG_WARN_UNGUARDED_AVAILABILITY = YES_AGGRESSIVE;
				CLANG_WARN_UNREACHABLE_CODE = YES;
				CLANG_WARN__DUPLICATE_METHOD_MATCH = YES;
				CODE_SIGN_IDENTITY = "iPhone Developer";
				COPY_PHASE_STRIP = NO;
				DEBUG_INFORMATION_FORMAT = "dwarf-with-dsym";
				ENABLE_NS_ASSERTIONS = NO;
				ENABLE_STRICT_OBJC_MSGSEND = YES;
				GCC_C_LANGUAGE_STANDARD = gnu11;
				GCC_NO_COMMON_BLOCKS = YES;
				GCC_WARN_64_TO_32_BIT_CONVERSION = YES;
				GCC_WARN_ABOUT_RETURN_TYPE = YES_ERROR;
				GCC_WARN_UNDECLARED_SELECTOR = YES;
				GCC_WARN_UNINITIALIZED_AUTOS = YES_AGGRESSIVE;
				GCC_WARN_UNUSED_FUNCTION = YES;
				GCC_WARN_UNUSED_VARIABLE = YES;
				IPHONEOS_DEPLOYMENT_TARGET = 12.1;
				MTL_ENABLE_DEBUG_INFO = NO;
				MTL_FAST_MATH = YES;
				SDKROOT = iphoneos;
				VALIDATE_PRODUCT = YES;
			};
			name = Release;
		};
		1E331E1A2203FA250092EB0D /* Debug */ = {
			isa = XCBuildConfiguration;
			buildSettings = {
				ASSETCATALOG_COMPILER_APPICON_NAME = AppIcon;
				CODE_SIGN_STYLE = Automatic;
				DEVELOPMENT_TEAM = PK34RS4D8A;
				INFOPLIST_FILE = LanguageToolDemo/Info.plist;
				LD_RUNPATH_SEARCH_PATHS = (
					"$(inherited)",
					"@executable_path/Frameworks",
				);
				PRODUCT_BUNDLE_IDENTIFIER = "---------.LanguageToolDemo";
				PRODUCT_NAME = "$(TARGET_NAME)";
				TARGETED_DEVICE_FAMILY = "1,2";
			};
			name = Debug;
		};
		1E331E1B2203FA250092EB0D /* Release */ = {
			isa = XCBuildConfiguration;
			buildSettings = {
				ASSETCATALOG_COMPILER_APPICON_NAME = AppIcon;
				CODE_SIGN_STYLE = Automatic;
				DEVELOPMENT_TEAM = PK34RS4D8A;
				INFOPLIST_FILE = LanguageToolDemo/Info.plist;
				LD_RUNPATH_SEARCH_PATHS = (
					"$(inherited)",
					"@executable_path/Frameworks",
				);
				PRODUCT_BUNDLE_IDENTIFIER = "---------.LanguageToolDemo";
				PRODUCT_NAME = "$(TARGET_NAME)";
				TARGETED_DEVICE_FAMILY = "1,2";
			};
			name = Release;
		};
/* End XCBuildConfiguration section */

/* Begin XCConfigurationList section */
		1E331DFE2203FA240092EB0D /* Build configuration list for PBXProject "LanguageToolDemo" */ = {
			isa = XCConfigurationList;
			buildConfigurations = (
				1E331E172203FA250092EB0D /* Debug */,
				1E331E182203FA250092EB0D /* Release */,
			);
			defaultConfigurationIsVisible = 0;
			defaultConfigurationName = Release;
		};
		1E331E192203FA250092EB0D /* Build configuration list for PBXNativeTarget "LanguageToolDemo" */ = {
			isa = XCConfigurationList;
			buildConfigurations = (
				1E331E1A2203FA250092EB0D /* Debug */,
				1E331E1B2203FA250092EB0D /* Release */,
			);
			defaultConfigurationIsVisible = 0;
			defaultConfigurationName = Release;
		};
/* End XCConfigurationList section */
	};
	rootObject = 1E331DFB2203FA240092EB0D /* Project object */;
}
